PODS:
  - BGFMDB (2.0.13):
    - BGFMDB/BG (= 2.0.13)
    - BGFMDB/FMDB (= 2.0.13)
  - BGFMDB/BG (2.0.13):
    - BGFMDB/FMDB
  - BGFMDB/FMDB (2.0.13)
  - CocoaLumberjack (3.8.5):
    - CocoaLumberjack/Core (= 3.8.5)
  - CocoaLumberjack/Core (3.8.5)
  - EABluetooth (1.1.02.3):
    - BGFMDB
    - Protobuf
    - SAMKeychain
    - SVGKit
    - YYKit
    - ZipArchive
  - Masonry (1.1.0)
  - Protobuf (3.28.2)
  - SAMKeychain (1.5.3)
  - SVGKit (3.0.0):
    - CocoaLumberjack (~> 3.0)
  - YYKit (1.0.9):
    - YYKit/no-arc (= 1.0.9)
  - YYKit/no-arc (1.0.9)
  - ZipArchive (1.4.0)

DEPENDENCIES:
  - EABluetooth (from `https://github.com/EastApex/EASDKTool_iOS.git`)
  - Masonry

SPEC REPOS:
  trunk:
    - BGFMDB
    - CocoaLumberjack
    - Masonry
    - Protobuf
    - SAMKeychain
    - SVGKit
    - YYKit
    - ZipArchive

EXTERNAL SOURCES:
  EABluetooth:
    :git: https://github.com/EastApex/EASDKTool_iOS.git

CHECKOUT OPTIONS:
  EABluetooth:
    :commit: 5d493514f7ca2ef9690bde7fb2a9c275860a1907
    :git: https://github.com/EastApex/EASDKTool_iOS.git

SPEC CHECKSUMS:
  BGFMDB: 48e6823027232402a678acc7f71484b1fc9171d0
  CocoaLumberjack: 6a459bc897d6d80bd1b8c78482ec7ad05dffc3f0
  EABluetooth: 063aa16f7c2fc51d9d66eed01e260068b8705857
  Masonry: 678fab65091a9290e40e2832a55e7ab731aad201
  Protobuf: 28c89b24435762f60244e691544ed80f50d82701
  SAMKeychain: 483e1c9f32984d50ca961e26818a534283b4cd5c
  SVGKit: 1ad7513f8c74d9652f94ed64ddecda1a23864dea
  YYKit: 7cda43304a8dc3696c449041e2cb3107b4e236e7
  ZipArchive: e25a4373192673e3229ac8d6e9f64a3e5713c966

PODFILE CHECKSUM: 7f4e3cc4bdceabb76ffc1cfd78748b92d93dbf98

COCOAPODS: 1.15.2
