PODS:
  - BGFMDB (2.0.13):
    - BGFMDB/BG (= 2.0.13)
    - BGFMDB/FMDB (= 2.0.13)
  - BGFMDB/BG (2.0.13):
    - BGFMDB/FMDB
  - BGFMDB/FMDB (2.0.13)
  - EABluetooth (1.0.71.4):
    - BGFMDB
    - Protobuf
    - SAMKeychain
    - YYKit
  - Protobuf (3.21.11)
  - SAMKeychain (1.5.3)
  - SnapKit (5.6.0)
  - YYKit (1.0.9):
    - YYKit/no-arc (= 1.0.9)
  - YYKit/no-arc (1.0.9)

DEPENDENCIES:
  - BGFMDB
  - EABluetooth (from `../`)
  - Protobuf
  - SAMKeychain
  - SnapKit
  - YYKit

SPEC REPOS:
  trunk:
    - BGFMDB
    - Protobuf
    - SAMKeychain
    - SnapKit
    - YYKit

EXTERNAL SOURCES:
  EABluetooth:
    :path: "../"

SPEC CHECKSUMS:
  BGFMDB: 48e6823027232402a678acc7f71484b1fc9171d0
  EABluetooth: 577dc2e6a6715bc1f9fce215b8815ea7378e9085
  Protobuf: 3acb308a1e208605afd50866b98ec220141bcb8c
  SAMKeychain: 483e1c9f32984d50ca961e26818a534283b4cd5c
  SnapKit: e01d52ebb8ddbc333eefe2132acf85c8227d9c25
  YYKit: 7cda43304a8dc3696c449041e2cb3107b4e236e7

PODFILE CHECKSUM: 87b1c70de6df1b9e47d6b5644b5ee4288eda807f

COCOAPODS: 1.11.3
