PODS:
  - EABluetooth (0.1.0):
    - Protobuf (~> 3.14.0)
    - Realm
    - SAMKeychain
    - YYKit
  - Masonry (1.1.0)
  - Protobuf (3.14.0)
  - Realm (10.33.0):
    - Realm/Headers (= 10.33.0)
  - Realm/Headers (10.33.0)
  - SAMKeychain (1.5.3)
  - YYKit (1.0.9):
    - YYKit/no-arc (= 1.0.9)
  - YYKit/no-arc (1.0.9)

DEPENDENCIES:
  - EABluetooth (from `https://github.com/EastApex/EASDKTool_iOS.git`)
  - Masonry

SPEC REPOS:
  trunk:
    - Masonry
    - Protobuf
    - Realm
    - SAMKeychain
    - YYKit

EXTERNAL SOURCES:
  EABluetooth:
    :git: https://github.com/EastApex/EASDKTool_iOS.git

CHECKOUT OPTIONS:
  EABluetooth:
    :commit: 23302af3f38fd369627c32cb088deaf1dc8e822e
    :git: https://github.com/EastApex/EASDKTool_iOS.git

SPEC CHECKSUMS:
  EABluetooth: 96bbf13370680a21cf06b55d8ba4ef8fa21a7fff
  Masonry: 678fab65091a9290e40e2832a55e7ab731aad201
  Protobuf: 0cde852566359049847168e51bd1c690e0f70056
  Realm: d4f810e161fa2c2c589b9860b6eb09238deacd73
  SAMKeychain: 483e1c9f32984d50ca961e26818a534283b4cd5c
  YYKit: 7cda43304a8dc3696c449041e2cb3107b4e236e7

PODFILE CHECKSUM: 152013a496044df2db6047324596900b6ea95ded

COCOAPODS: 1.11.3
