PODS:
  - EABluetooth (1.0.68.4):
    - Protobuf
    - Realm
    - SAMKeychain
    - YYKit
  - Protobuf (3.21.11)
  - Realm (10.33.0):
    - Realm/Headers (= 10.33.0)
  - Realm/Headers (10.33.0)
  - RealmSwift (10.33.0):
    - Realm (= 10.33.0)
  - SAMKeychain (1.5.3)
  - SnapKit (5.6.0)
  - YYKit (1.0.9):
    - YYKit/no-arc (= 1.0.9)
  - YYKit/no-arc (1.0.9)

DEPENDENCIES:
  - EABluetooth (from `https://github.com/EastApex/EASDKTool_iOS.git`)
  - RealmSwift
  - SnapKit

SPEC REPOS:
  trunk:
    - Protobuf
    - Realm
    - RealmSwift
    - SAMKeychain
    - SnapKit
    - YYKit

EXTERNAL SOURCES:
  EABluetooth:
    :git: https://github.com/EastApex/EASDKTool_iOS.git

CHECKOUT OPTIONS:
  EABluetooth:
    :commit: 4b7a524950fac1667bdb092b48fbbfd844449c76
    :git: https://github.com/EastApex/EASDKTool_iOS.git

SPEC CHECKSUMS:
  EABluetooth: 9654465e70e38b3547229cc52ad282674e137b02
  Protobuf: 3acb308a1e208605afd50866b98ec220141bcb8c
  Realm: d4f810e161fa2c2c589b9860b6eb09238deacd73
  RealmSwift: cef9946f09f2333a8f2ac8bac4f8de52fb9f5ac3
  SAMKeychain: 483e1c9f32984d50ca961e26818a534283b4cd5c
  SnapKit: e01d52ebb8ddbc333eefe2132acf85c8227d9c25
  YYKit: 7cda43304a8dc3696c449041e2cb3107b4e236e7

PODFILE CHECKSUM: 689826803f1a019ee38895bb9da86d4f931c5300

COCOAPODS: 1.11.3
